{
  "nodes": {
    "agenix": {
      "inputs": {
        "darwin": [
          "nix-darwin"
        ],
        "home-manager": [
          "home-manager"
        ],
        "nixpkgs": [
          "nixpkgs"
        ],
        "systems": "systems"
      },
      "locked": {
        "lastModified": 1762618334,
        "narHash": "sha256-wyT7Pl6tMFbFrs8Lk/TlEs81N6L+VSybPfiIgzU8lbQ=",
        "owner": "ryantm",
        "repo": "agenix",
        "rev": "fcdea223397448d35d9b31f798479227e80183f6",
        "type": "github"
      },
      "original": {
        "owner": "ryantm",
        "repo": "agenix",
        "type": "github"
      }
    },
    "apple-fonts": {
      "inputs": {
        "nixpkgs": "nixpkgs",
        "ny": "ny",
        "sf-arabic": "sf-arabic",
        "sf-armenian": "sf-armenian",
        "sf-compact": "sf-compact",
        "sf-georgian": "sf-georgian",
        "sf-hebrew": "sf-hebrew",
        "sf-mono": "sf-mono",
        "sf-pro": "sf-pro"
      },
      "locked": {
        "lastModified": 1758228441,
        "narHash": "sha256-3mA9oFuhJ1EHyhPd17g/EuJi4jDYPGhyxkEitdh3Kmc=",
        "owner": "Lyndeno",
        "repo": "apple-fonts.nix",
        "rev": "aba9944f6606a69ebedf7bfb723316139eec3f72",
        "type": "github"
      },
      "original": {
        "owner": "Lyndeno",
        "repo": "apple-fonts.nix",
        "type": "github"
      }
    },
    "brew-src": {
      "flake": false,
      "locked": {
        "lastModified": 1763638478,
        "narHash": "sha256-n/IMowE9S23ovmTkKX7KhxXC2Yq41EAVFR2FBIXPcT8=",
        "owner": "Homebrew",
        "repo": "brew",
        "rev": "fbfdbaba008189499958a7aeb1e2c36ab10c067d",
        "type": "github"
      },
      "original": {
        "owner": "Homebrew",
        "ref": "5.0.3",
        "repo": "brew",
        "type": "github"
      }
    },
    "catppuccin": {
      "inputs": {
        "nixpkgs": [
          "nixpkgs"
        ]
      },
      "locked": {
        "lastModified": 1765485905,
        "narHash": "sha256-fk6zFzzcwz6su99K7UTxS2497+z/Cdk3FzNsacsmZKA=",
        "owner": "catppuccin",
        "repo": "nix",
        "rev": "b49c675acd80931fc8b54290920a90189b461dcf",
        "type": "github"
      },
      "original": {
        "owner": "catppuccin",
        "repo": "nix",
        "type": "github"
      }
    },
    "disko": {
      "inputs": {
        "nixpkgs": [
          "nixpkgs"
        ]
      },
      "locked": {
        "lastModified": 1765794845,
        "narHash": "sha256-YD5QWlGnusNbZCqR3pxG8tRxx9yUXayLZfAJRWspq2s=",
        "owner": "nix-community",
        "repo": "disko",
        "rev": "7194cfe5b7a3660726b0fe7296070eaef601cae9",
        "type": "github"
      },
      "original": {
        "owner": "nix-community",
        "repo": "disko",
        "type": "github"
      }
    },
    "easy-hosts": {
      "locked": {
        "lastModified": 1755470564,
        "narHash": "sha256-KB1ZryVDoQcbIsItOf4WtxkHhh3ppj+XwMpSnt/2QHc=",
        "owner": "tgirlcloud",
        "repo": "easy-hosts",
        "rev": "d0422bc7b3db26268982aa15d07e60370e76ee1d",
        "type": "github"
      },
      "original": {
        "owner": "tgirlcloud",
        "repo": "easy-hosts",
        "type": "github"
      }
    },
    "editorconfig": {
      "inputs": {
        "emacs-overlay": [
          "emacs-overlay"
        ],
        "flake-parts": [
          "flake-parts"
        ],
        "nixCats": "nixCats",
        "nixpkgs": [
          "nixpkgs"
        ],
        "plugins-compile-nvim": "plugins-compile-nvim",
        "plugins-inlay-hints": "plugins-inlay-hints",
        "systems": [
          "systems"
        ]
      },
      "locked": {
        "lastModified": 1765858640,
        "narHash": "sha256-kb42YdOsEoVVjlt1cS82YYbRC18frp/N47BgiYT+vz0=",
        "owner": "rohan-datar",
        "repo": "editorconfig",
        "rev": "99f759e904676f8f14aa3b33332f7e189ac97d72",
        "type": "github"
      },
      "original": {
        "owner": "rohan-datar",
        "repo": "editorconfig",
        "type": "github"
      }
    },
    "emacs-overlay": {
      "inputs": {
        "nixpkgs": [
          "nixpkgs"
        ],
        "nixpkgs-stable": "nixpkgs-stable"
      },
      "locked": {
        "lastModified": 1765852003,
        "narHash": "sha256-CBzHIIARV1/aSSm7OpNu2YEf0DJ6BtlfXvUZHVxEU2w=",
        "owner": "nix-community",
        "repo": "emacs-overlay",
        "rev": "0ed34dfadbf48ab8618e36129b165bb42ac47ddb",
        "type": "github"
      },
      "original": {
        "owner": "nix-community",
        "repo": "emacs-overlay",
        "type": "github"
      }
    },
    "flake-parts": {
      "inputs": {
        "nixpkgs-lib": [
          "nixpkgs"
        ]
      },
      "locked": {
        "lastModified": 1765835352,
        "narHash": "sha256-XswHlK/Qtjasvhd1nOa1e8MgZ8GS//jBoTqWtrS1Giw=",
        "owner": "hercules-ci",
        "repo": "flake-parts",
        "rev": "a34fae9c08a15ad73f295041fec82323541400a9",
        "type": "github"
      },
      "original": {
        "owner": "hercules-ci",
        "repo": "flake-parts",
        "type": "github"
      }
    },
    "home-manager": {
      "inputs": {
        "nixpkgs": [
          "nixpkgs"
        ]
      },
      "locked": {
        "lastModified": 1765860045,
        "narHash": "sha256-7Lxp/PfOy4h3QIDtmWG/EgycaswqRSkDX4DGtet14NE=",
        "owner": "nix-community",
        "repo": "home-manager",
        "rev": "09de9577d47d8bffb11c449b6a3d24e32ac16c99",
        "type": "github"
      },
      "original": {
        "owner": "nix-community",
        "repo": "home-manager",
        "type": "github"
      }
    },
    "homebrew": {
      "inputs": {
        "brew-src": "brew-src"
      },
      "locked": {
        "lastModified": 1764473698,
        "narHash": "sha256-C91gPgv6udN5WuIZWNehp8qdLqlrzX6iF/YyboOj6XI=",
        "owner": "zhaofengli-wip",
        "repo": "nix-homebrew",
        "rev": "6a8ab60bfd66154feeaa1021fc3b32684814a62a",
        "type": "github"
      },
      "original": {
        "owner": "zhaofengli-wip",
        "repo": "nix-homebrew",
        "type": "github"
      }
    },
    "niri": {
      "inputs": {
        "niri-stable": "niri-stable",
        "niri-unstable": "niri-unstable",
        "nixpkgs": [
          "nixpkgs"
        ],
        "nixpkgs-stable": "nixpkgs-stable_2",
        "xwayland-satellite-stable": "xwayland-satellite-stable",
        "xwayland-satellite-unstable": "xwayland-satellite-unstable"
      },
      "locked": {
        "lastModified": 1765859969,
        "narHash": "sha256-nLwAHw1lFlMTG83a0DUakz/YU49xQYepxPhoTEfeFSw=",
        "owner": "sodiboo",
        "repo": "niri-flake",
        "rev": "8eaaaeb77e399e761f3d576bd45e11730ab7ae91",
        "type": "github"
      },
      "original": {
        "owner": "sodiboo",
        "repo": "niri-flake",
        "type": "github"
      }
    },
    "niri-stable": {
      "flake": false,
      "locked": {
        "lastModified": 1756556321,
        "narHash": "sha256-RLD89dfjN0RVO86C/Mot0T7aduCygPGaYbog566F0Qo=",
        "owner": "YaLTeR",
        "repo": "niri",
        "rev": "01be0e65f4eb91a9cd624ac0b76aaeab765c7294",
        "type": "github"
      },
      "original": {
        "owner": "YaLTeR",
        "ref": "v25.08",
        "repo": "niri",
        "type": "github"
      }
    },
    "niri-unstable": {
      "flake": false,
      "locked": {
        "lastModified": 1765687800,
        "narHash": "sha256-Erk+ypR8N+rCvjMdUB1N/v4jtm4QRH9k7r/9zh2HyC8=",
        "owner": "YaLTeR",
        "repo": "niri",
        "rev": "7c0898570ca5bd3f10fbf4cf2f8a00edc48d787b",
        "type": "github"
      },
      "original": {
        "owner": "YaLTeR",
        "repo": "niri",
        "type": "github"
      }
    },
    "nix-darwin": {
      "inputs": {
        "nixpkgs": [
          "nixpkgs"
        ]
      },
      "locked": {
        "lastModified": 1765684049,
        "narHash": "sha256-svCS2r984qEowMT0y3kCrsD/m0J6zaF5I/UusS7QaH0=",
        "owner": "LnL7",
        "repo": "nix-darwin",
        "rev": "9b628e171bfaea1a3d1edf31eee46251e0fe4a33",
        "type": "github"
      },
      "original": {
        "owner": "LnL7",
        "repo": "nix-darwin",
        "type": "github"
      }
    },
    "nix-index-database": {
      "inputs": {
        "nixpkgs": [
          "nixpkgs"
        ]
      },
      "locked": {
        "lastModified": 1765267181,
        "narHash": "sha256-d3NBA9zEtBu2JFMnTBqWj7Tmi7R5OikoU2ycrdhQEws=",
        "owner": "nix-community",
        "repo": "nix-index-database",
        "rev": "82befcf7dc77c909b0f2a09f5da910ec95c5b78f",
        "type": "github"
      },
      "original": {
        "owner": "nix-community",
        "repo": "nix-index-database",
        "type": "github"
      }
    },
    "nixCats": {
      "locked": {
        "lastModified": 1764009888,
        "narHash": "sha256-hJekfTiW1792txgRSM4LcHnz1lDSY87LYbsJEn2V378=",
        "owner": "BirdeeHub",
        "repo": "nixCats-nvim",
        "rev": "16ac3281f322ea15d39843829e42a44d22da3715",
        "type": "github"
      },
      "original": {
        "owner": "BirdeeHub",
        "repo": "nixCats-nvim",
        "type": "github"
      }
    },
    "nixarr": {
      "inputs": {
        "nixpkgs": [
          "nixpkgs"
        ],
        "vpnconfinement": "vpnconfinement",
        "website-builder": "website-builder"
      },
      "locked": {
        "lastModified": 1765731404,
        "narHash": "sha256-eIEh60iK0L4X7UHj7dOZWZEkmWRA1H7ovjVJsfrPavQ=",
        "owner": "rasmus-kirk",
        "repo": "nixarr",
        "rev": "204da9209ad4e921c3562a6bca5ac8ad5b6ed9bc",
        "type": "github"
      },
      "original": {
        "owner": "rasmus-kirk",
        "repo": "nixarr",
        "type": "github"
      }
    },
    "nixpkgs": {
      "locked": {
        "lastModified": 1757745802,
        "narHash": "sha256-hLEO2TPj55KcUFUU1vgtHE9UEIOjRcH/4QbmfHNF820=",
        "owner": "nixos",
        "repo": "nixpkgs",
        "rev": "c23193b943c6c689d70ee98ce3128239ed9e32d1",
        "type": "github"
      },
      "original": {
        "owner": "nixos",
        "ref": "nixos-unstable",
        "repo": "nixpkgs",
        "type": "github"
      }
    },
    "nixpkgs-stable": {
      "locked": {
        "lastModified": 1765687488,
        "narHash": "sha256-7YAJ6xgBAQ/Nr+7MI13Tui1ULflgAdKh63m1tfYV7+M=",
        "owner": "NixOS",
        "repo": "nixpkgs",
        "rev": "d02bcc33948ca19b0aaa0213fe987ceec1f4ebe1",
        "type": "github"
      },
      "original": {
        "owner": "NixOS",
        "ref": "nixos-25.05",
        "repo": "nixpkgs",
        "type": "github"
      }
    },
    "nixpkgs-stable_2": {
      "locked": {
        "lastModified": 1765762245,
        "narHash": "sha256-3iXM/zTqEskWtmZs3gqNiVtRTsEjYAedIaLL0mSBsrk=",
        "owner": "NixOS",
        "repo": "nixpkgs",
        "rev": "c8cfcd6ccd422e41cc631a0b73ed4d5a925c393d",
        "type": "github"
      },
      "original": {
        "owner": "NixOS",
        "ref": "nixos-25.11",
        "repo": "nixpkgs",
        "type": "github"
      }
    },
    "nixpkgs_2": {
      "locked": {
        "lastModified": 1765779637,
        "narHash": "sha256-KJ2wa/BLSrTqDjbfyNx70ov/HdgNBCBBSQP3BIzKnv4=",
        "owner": "nixos",
        "repo": "nixpkgs",
        "rev": "1306659b587dc277866c7b69eb97e5f07864d8c4",
        "type": "github"
      },
      "original": {
        "owner": "nixos",
        "ref": "nixos-unstable",
        "repo": "nixpkgs",
        "type": "github"
      }
    },
    "noctalia": {
      "inputs": {
        "nixpkgs": [
          "nixpkgs"
        ]
      },
      "locked": {
        "lastModified": 1765857856,
        "narHash": "sha256-/1AFkT8N4vFxHjeL4Jp4HpCRbzyUkH4abFFuOTk/ib4=",
        "owner": "noctalia-dev",
        "repo": "noctalia-shell",
        "rev": "fd1e7c55a1f5457318a9b883df77515c5cb7bfcd",
        "type": "github"
      },
      "original": {
        "owner": "noctalia-dev",
        "repo": "noctalia-shell",
        "type": "github"
      }
    },
    "ny": {
      "flake": false,
      "locked": {
        "narHash": "sha256-3257NAH4qlan2YHVLpNRy7x8IJqR2pal3OzFo/ykqXs=",
        "type": "file",
        "url": "https://devimages-cdn.apple.com/design/resources/download/NY.dmg"
      },
      "original": {
        "type": "file",
        "url": "https://devimages-cdn.apple.com/design/resources/download/NY.dmg"
      }
    },
    "plugins-compile-nvim": {
      "flake": false,
      "locked": {
        "lastModified": 1759286049,
        "narHash": "sha256-DE1aWdIY+DxraVAuA0aU3qL6BtGyUWrobdzTcSoYjK4=",
        "owner": "pohlrabi404",
        "repo": "compile.nvim",
        "rev": "3003da28a3c021d740a1b9591ee421ee4a1dd622",
        "type": "github"
      },
      "original": {
        "owner": "pohlrabi404",
        "repo": "compile.nvim",
        "type": "github"
      }
    },
    "plugins-inlay-hints": {
      "flake": false,
      "locked": {
        "lastModified": 1750224557,
        "narHash": "sha256-Hm5cppwgVYeJ+SfQMEi1xTPOITHBVSXhgdr3VclsS3g=",
        "owner": "MysticalDevil",
        "repo": "inlay-hints.nvim",
        "rev": "990e1f96699b8293b6665b9e73b16128c66684e6",
        "type": "github"
      },
      "original": {
        "owner": "MysticalDevil",
        "repo": "inlay-hints.nvim",
        "type": "github"
      }
    },
    "quickshell": {
      "inputs": {
        "nixpkgs": [
          "nixpkgs"
        ]
      },
      "locked": {
        "lastModified": 1764663772,
        "narHash": "sha256-sHqLmm0wAt3PC4vczJeBozI1/f4rv9yp3IjkClHDXDs=",
        "owner": "outfoxxed",
        "repo": "quickshell",
        "rev": "26531fc46ef17e9365b03770edd3fb9206fcb460",
        "type": "github"
      },
      "original": {
        "owner": "outfoxxed",
        "repo": "quickshell",
        "type": "github"
      }
    },
    "root": {
      "inputs": {
        "agenix": "agenix",
        "apple-fonts": "apple-fonts",
        "catppuccin": "catppuccin",
        "disko": "disko",
        "easy-hosts": "easy-hosts",
        "editorconfig": "editorconfig",
        "emacs-overlay": "emacs-overlay",
        "flake-parts": "flake-parts",
        "home-manager": "home-manager",
        "homebrew": "homebrew",
        "niri": "niri",
        "nix-darwin": "nix-darwin",
        "nix-index-database": "nix-index-database",
        "nixarr": "nixarr",
        "nixpkgs": "nixpkgs_2",
        "noctalia": "noctalia",
        "quickshell": "quickshell",
        "systems": "systems_2",
        "zen-browser": "zen-browser"
      }
    },
    "sf-arabic": {
      "flake": false,
      "locked": {
        "narHash": "sha256-/0gjRimqvZyE60xYxxPdlU+7Q2LJnnvtbmwOP0YmS9U=",
        "type": "file",
        "url": "https://devimages-cdn.apple.com/design/resources/download/SF-Arabic.dmg"
      },
      "original": {
        "type": "file",
        "url": "https://devimages-cdn.apple.com/design/resources/download/SF-Arabic.dmg"
      }
    },
    "sf-armenian": {
      "flake": false,
      "locked": {
        "narHash": "sha256-rRoDkbNMYkzOHZmQm96Zv80TZvRlAeoxkv4pMHP5nUg=",
        "type": "file",
        "url": "https://devimages-cdn.apple.com/design/resources/download/SF-Armenian.dmg"
      },
      "original": {
        "type": "file",
        "url": "https://devimages-cdn.apple.com/design/resources/download/SF-Armenian.dmg"
      }
    },
    "sf-compact": {
      "flake": false,
      "locked": {
        "narHash": "sha256-WeqT80cdK/XzTLSaJs5DHodzxoeAzwL/xTgdq0YwQbM=",
        "type": "file",
        "url": "https://devimages-cdn.apple.com/design/resources/download/SF-Compact.dmg"
      },
      "original": {
        "type": "file",
        "url": "https://devimages-cdn.apple.com/design/resources/download/SF-Compact.dmg"
      }
    },
    "sf-georgian": {
      "flake": false,
      "locked": {
        "narHash": "sha256-IevVNOC28IiR45YfI3PsZzXLMRxuB5u7UiE53Zn6tRU=",
        "type": "file",
        "url": "https://devimages-cdn.apple.com/design/resources/download/SF-Georgian.dmg"
      },
      "original": {
        "type": "file",
        "url": "https://devimages-cdn.apple.com/design/resources/download/SF-Georgian.dmg"
      }
    },
    "sf-hebrew": {
      "flake": false,
      "locked": {
        "narHash": "sha256-Dw84kYwMpCtKKKqm8cZcQ9TZ7GayU5MO7W0LJw0Rcwk=",
        "type": "file",
        "url": "https://devimages-cdn.apple.com/design/resources/download/SF-Hebrew.dmg"
      },
      "original": {
        "type": "file",
        "url": "https://devimages-cdn.apple.com/design/resources/download/SF-Hebrew.dmg"
      }
    },
    "sf-mono": {
      "flake": false,
      "locked": {
        "narHash": "sha256-ICdHRFdNL7PM/fXJUzS7LgZxZiqcyIuCMHLze4En4vg=",
        "type": "file",
        "url": "https://devimages-cdn.apple.com/design/resources/download/SF-Mono.dmg"
      },
      "original": {
        "type": "file",
        "url": "https://devimages-cdn.apple.com/design/resources/download/SF-Mono.dmg"
      }
    },
    "sf-pro": {
      "flake": false,
      "locked": {
        "narHash": "sha256-vprahHpCUf9O8RualBrEuLEfuLfzI/2d8AQmwlCGPPk=",
        "type": "file",
        "url": "https://devimages-cdn.apple.com/design/resources/download/SF-Pro.dmg"
      },
      "original": {
        "type": "file",
        "url": "https://devimages-cdn.apple.com/design/resources/download/SF-Pro.dmg"
      }
    },
    "systems": {
      "locked": {
        "lastModified": 1681028828,
        "narHash": "sha256-Vy1rq5AaRuLzOxct8nz4T6wlgyUR7zLU309k9mBC768=",
        "owner": "nix-systems",
        "repo": "default",
        "rev": "da67096a3b9bf56a91d16901293e51ba5b49a27e",
        "type": "github"
      },
      "original": {
        "owner": "nix-systems",
        "repo": "default",
        "type": "github"
      }
    },
    "systems_2": {
      "locked": {
        "lastModified": 1681028828,
        "narHash": "sha256-Vy1rq5AaRuLzOxct8nz4T6wlgyUR7zLU309k9mBC768=",
        "owner": "nix-systems",
        "repo": "default",
        "rev": "da67096a3b9bf56a91d16901293e51ba5b49a27e",
        "type": "github"
      },
      "original": {
        "owner": "nix-systems",
        "repo": "default",
        "type": "github"
      }
    },
    "vpnconfinement": {
      "locked": {
        "lastModified": 1765634578,
        "narHash": "sha256-Fujb9sn1cj+u/bzfo2RbQkcAvJ7Ch1pimJzFie4ptb4=",
        "owner": "Maroka-chan",
        "repo": "VPN-Confinement",
        "rev": "f2989e1e3cb06c7185939e9ddc368f88b998616a",
        "type": "github"
      },
      "original": {
        "owner": "Maroka-chan",
        "repo": "VPN-Confinement",
        "type": "github"
      }
    },
    "website-builder": {
      "inputs": {
        "nixpkgs": [
          "nixarr",
          "nixpkgs"
        ]
      },
      "locked": {
        "lastModified": 1753958235,
        "narHash": "sha256-Rd27XQJKv8Z4BCr3gdbaHFd0TmumiGxdjGRzsEf/mOg=",
        "owner": "rasmus-kirk",
        "repo": "website-builder",
        "rev": "00a14b7ae7baef2197978ba7c3fe72dfca7bc475",
        "type": "github"
      },
      "original": {
        "owner": "rasmus-kirk",
        "repo": "website-builder",
        "type": "github"
      }
    },
    "xwayland-satellite-stable": {
      "flake": false,
      "locked": {
        "lastModified": 1755491097,
        "narHash": "sha256-m+9tUfsmBeF2Gn4HWa6vSITZ4Gz1eA1F5Kh62B0N4oE=",
        "owner": "Supreeeme",
        "repo": "xwayland-satellite",
        "rev": "388d291e82ffbc73be18169d39470f340707edaa",
        "type": "github"
      },
      "original": {
        "owner": "Supreeeme",
        "ref": "v0.7",
        "repo": "xwayland-satellite",
        "type": "github"
      }
    },
    "xwayland-satellite-unstable": {
      "flake": false,
      "locked": {
        "lastModified": 1765858323,
        "narHash": "sha256-pRyLIpUN56iG3ipPh5Pcwb2tSXFNr8kMYZNEO5kglsI=",
        "owner": "Supreeeme",
        "repo": "xwayland-satellite",
        "rev": "1bbd5cae7ec80241e8b44629d4da503ed7cf18c9",
        "type": "github"
      },
      "original": {
        "owner": "Supreeeme",
        "repo": "xwayland-satellite",
        "type": "github"
      }
    },
    "zen-browser": {
      "inputs": {
        "home-manager": [
          "home-manager"
        ],
        "nixpkgs": [
          "nixpkgs"
        ]
      },
      "locked": {
        "lastModified": 1765764138,
        "narHash": "sha256-Nb5y5xSDQLMeUYiA1bQkbmHffGm0d/XXWoJjFu8ovw0=",
        "owner": "0xc000022070",
        "repo": "zen-browser-flake",
        "rev": "bd8815d0a686267386268e7cc70315124e21362b",
        "type": "github"
      },
      "original": {
        "owner": "0xc000022070",
        "repo": "zen-browser-flake",
        "type": "github"
      }
    }
  },
  "root": "root",
  "version": 7
}
